
Microsoft Visual Studio Solution File, Format Version 12.00
# Visual Studio Version 17
VisualStudioVersion = 17.4.33205.214
MinimumVisualStudioVersion = 10.0.40219.1
Project("{9A19103F-16F7-4668-BE54-9A1E7A4F7556}") = "EngineTest", "EngineTest\EngineTest.csproj", "{5E7BE2CF-A699-4D24-997E-FCB8752A9D30}"
EndProject
Project("{9A19103F-16F7-4668-BE54-9A1E7A4F7556}") = "Custom2d_Engine.Tests", "EngineTests\Custom2d_Engine.Tests.csproj", "{96BE77B9-89DE-44C8-88C3-8C546AE4862C}"
EndProject
Project("{9A19103F-16F7-4668-BE54-9A1E7A4F7556}") = "MarchingSquares", "MarchingSquares\MarchingSquares.csproj", "{F54238DC-735A-4A93-9A39-1DF0B53A209D}"
EndProject
Project("{9A19103F-16F7-4668-BE54-9A1E7A4F7556}") = "Custom2d_Engine", "Custom2d_Engine\Custom2d_Engine.csproj", "{432E1F3F-B99A-4B75-9A30-77806A7669D6}"
EndProject
Project("{9A19103F-16F7-4668-BE54-9A1E7A4F7556}") = "AudioTest", "AudioTest\AudioTest.csproj", "{49B032E5-964C-4177-9C12-0C286986CB30}"
EndProject
Project("{9A19103F-16F7-4668-BE54-9A1E7A4F7556}") = "Custom2d_Engine.FMOD_Audio", "Custom2d_Engine.FMOD\Custom2d_Engine.FMOD_Audio.csproj", "{2189382E-31B4-4782-BCAA-A71421A4B7A1}"
EndProject
Project("{9A19103F-16F7-4668-BE54-9A1E7A4F7556}") = "Custom2d_Engine.Physics", "Custom2d_Engine.Physics\Custom2d_Engine.Physics.csproj", "{6593BD10-48F7-4412-8147-D9B4B3DC88A3}"
EndProject
Project("{FAE04EC0-301F-11D3-BF4B-00C04F79EFBC}") = "Custom2d_Engine.TMX", "Custom2d_Engine.TMX\Custom2d_Engine.TMX.csproj", "{F1512713-E93A-4638-9F52-47FC72BFDB2C}"
EndProject
Global
	GlobalSection(SolutionConfigurationPlatforms) = preSolution
		Debug|Any CPU = Debug|Any CPU
		Release|Any CPU = Release|Any CPU
	EndGlobalSection
	GlobalSection(ProjectConfigurationPlatforms) = postSolution
		{5E7BE2CF-A699-4D24-997E-FCB8752A9D30}.Debug|Any CPU.ActiveCfg = Debug|Any CPU
		{5E7BE2CF-A699-4D24-997E-FCB8752A9D30}.Debug|Any CPU.Build.0 = Debug|Any CPU
		{5E7BE2CF-A699-4D24-997E-FCB8752A9D30}.Release|Any CPU.ActiveCfg = Release|Any CPU
		{5E7BE2CF-A699-4D24-997E-FCB8752A9D30}.Release|Any CPU.Build.0 = Release|Any CPU
		{96BE77B9-89DE-44C8-88C3-8C546AE4862C}.Debug|Any CPU.ActiveCfg = Debug|Any CPU
		{96BE77B9-89DE-44C8-88C3-8C546AE4862C}.Debug|Any CPU.Build.0 = Debug|Any CPU
		{96BE77B9-89DE-44C8-88C3-8C546AE4862C}.Release|Any CPU.ActiveCfg = Release|Any CPU
		{96BE77B9-89DE-44C8-88C3-8C546AE4862C}.Release|Any CPU.Build.0 = Release|Any CPU
		{F54238DC-735A-4A93-9A39-1DF0B53A209D}.Debug|Any CPU.ActiveCfg = Debug|Any CPU
		{F54238DC-735A-4A93-9A39-1DF0B53A209D}.Debug|Any CPU.Build.0 = Debug|Any CPU
		{F54238DC-735A-4A93-9A39-1DF0B53A209D}.Release|Any CPU.ActiveCfg = Release|Any CPU
		{F54238DC-735A-4A93-9A39-1DF0B53A209D}.Release|Any CPU.Build.0 = Release|Any CPU
		{432E1F3F-B99A-4B75-9A30-77806A7669D6}.Debug|Any CPU.ActiveCfg = Debug|Any CPU
		{432E1F3F-B99A-4B75-9A30-77806A7669D6}.Debug|Any CPU.Build.0 = Debug|Any CPU
		{432E1F3F-B99A-4B75-9A30-77806A7669D6}.Release|Any CPU.ActiveCfg = Release|Any CPU
		{432E1F3F-B99A-4B75-9A30-77806A7669D6}.Release|Any CPU.Build.0 = Release|Any CPU
		{49B032E5-964C-4177-9C12-0C286986CB30}.Debug|Any CPU.ActiveCfg = Debug|Any CPU
		{49B032E5-964C-4177-9C12-0C286986CB30}.Debug|Any CPU.Build.0 = Debug|Any CPU
		{49B032E5-964C-4177-9C12-0C286986CB30}.Release|Any CPU.ActiveCfg = Release|Any CPU
		{49B032E5-964C-4177-9C12-0C286986CB30}.Release|Any CPU.Build.0 = Release|Any CPU
		{2189382E-31B4-4782-BCAA-A71421A4B7A1}.Debug|Any CPU.ActiveCfg = Debug|Any CPU
		{2189382E-31B4-4782-BCAA-A71421A4B7A1}.Debug|Any CPU.Build.0 = Debug|Any CPU
		{2189382E-31B4-4782-BCAA-A71421A4B7A1}.Release|Any CPU.ActiveCfg = Release|Any CPU
		{2189382E-31B4-4782-BCAA-A71421A4B7A1}.Release|Any CPU.Build.0 = Release|Any CPU
		{6593BD10-48F7-4412-8147-D9B4B3DC88A3}.Debug|Any CPU.ActiveCfg = Debug|Any CPU
		{6593BD10-48F7-4412-8147-D9B4B3DC88A3}.Debug|Any CPU.Build.0 = Debug|Any CPU
		{6593BD10-48F7-4412-8147-D9B4B3DC88A3}.Release|Any CPU.ActiveCfg = Release|Any CPU
		{6593BD10-48F7-4412-8147-D9B4B3DC88A3}.Release|Any CPU.Build.0 = Release|Any CPU
		{F1512713-E93A-4638-9F52-47FC72BFDB2C}.Debug|Any CPU.ActiveCfg = Debug|Any CPU
		{F1512713-E93A-4638-9F52-47FC72BFDB2C}.Debug|Any CPU.Build.0 = Debug|Any CPU
		{F1512713-E93A-4638-9F52-47FC72BFDB2C}.Release|Any CPU.ActiveCfg = Release|Any CPU
		{F1512713-E93A-4638-9F52-47FC72BFDB2C}.Release|Any CPU.Build.0 = Release|Any CPU
	EndGlobalSection
	GlobalSection(SolutionProperties) = preSolution
		HideSolutionNode = FALSE
	EndGlobalSection
	GlobalSection(ExtensibilityGlobals) = postSolution
		SolutionGuid = {E430837F-1F08-438C-B24D-3F100680CDF4}
	EndGlobalSection
EndGlobal
